
Microsoft Visual Studio Solution File, Format Version 12.00
# Visual Studio 2012
Project("{FAE04EC0-301F-11D3-BF4B-00C04F79EFBC}") = "ExcelAddIn", "ExcelAddIn\ExcelAddIn.csproj", "{92AC590B-637B-4EAA-A5E0-8DE381524AC3}"
EndProject
Global
	GlobalSection(SolutionConfigurationPlatforms) = preSolution
		Debug|Any CPU = Debug|Any CPU
		Release|Any CPU = Release|Any CPU
	EndGlobalSection
	GlobalSection(ProjectConfigurationPlatforms) = postSolution
		{92AC590B-637B-4EAA-A5E0-8DE381524AC3}.Debug|Any CPU.ActiveCfg = Debug|Any CPU
		{92AC590B-637B-4EAA-A5E0-8DE381524AC3}.Debug|Any CPU.Build.0 = Debug|Any CPU
		{92AC590B-637B-4EAA-A5E0-8DE381524AC3}.Release|Any CPU.ActiveCfg = Release|Any CPU
		{92AC590B-637B-4EAA-A5E0-8DE381524AC3}.Release|Any CPU.Build.0 = Release|Any CPU
	EndGlobalSection
	GlobalSection(SolutionProperties) = preSolution
		HideSolutionNode = FALSE
	EndGlobalSection
EndGlobal
